
Microsoft Visual Studio Solution File, Format Version 12.00
# Visual Studio Version 17
VisualStudioVersion = 17.10.35013.160
MinimumVisualStudioVersion = 10.0.40219.1
Project("{FAE04EC0-301F-11D3-BF4B-00C04F79EFBC}") = "OnlyGlassApp", "OnlyGlassApp\OnlyGlassApp.csproj", "{3FD10003-2E79-4183-8104-8E0FC2B52398}"
EndProject
Global
	GlobalSection(SolutionConfigurationPlatforms) = preSolution
		Debug|Any CPU = Debug|Any CPU
		Release|Any CPU = Release|Any CPU
	EndGlobalSection
	GlobalSection(ProjectConfigurationPlatforms) = postSolution
		{3FD10003-2E79-4183-8104-8E0FC2B52398}.Debug|Any CPU.ActiveCfg = Debug|Any CPU
		{3FD10003-2E79-4183-8104-8E0FC2B52398}.Debug|Any CPU.Build.0 = Debug|Any CPU
		{3FD10003-2E79-4183-8104-8E0FC2B52398}.Release|Any CPU.ActiveCfg = Release|Any CPU
		{3FD10003-2E79-4183-8104-8E0FC2B52398}.Release|Any CPU.Build.0 = Release|Any CPU
	EndGlobalSection
	GlobalSection(SolutionProperties) = preSolution
		HideSolutionNode = FALSE
	EndGlobalSection
	GlobalSection(ExtensibilityGlobals) = postSolution
		SolutionGuid = {11E230F9-AF2C-4403-8B60-5E6D6E96D0EE}
	EndGlobalSection
EndGlobal
